
Microsoft Visual Studio Solution File, Format Version 12.00
# Visual Studio Version 17
VisualStudioVersion = 17.9.34714.143
MinimumVisualStudioVersion = 10.0.40219.1
Project("{FAE04EC0-301F-11D3-BF4B-00C04F79EFBC}") = "CSharpStudyJourneyLibrary", "CSharpStudyJourneyLibrary\CSharpStudyJourneyLibrary.csproj", "{40056C2D-5B5A-43DF-9F1B-201380A0F9B2}"
EndProject
Project("{FAE04EC0-301F-11D3-BF4B-00C04F79EFBC}") = "CSharpStudyJourneyTest", "CSharpStudyJourneyTest\CSharpStudyJourneyTest.csproj", "{00F9B7DD-B3C3-49DA-94D5-081A486D6996}"
EndProject
Project("{FAE04EC0-301F-11D3-BF4B-00C04F79EFBC}") = "CSharpStudyJourneyConsoleApp", "CSharpStudyJourneyConsoleApp\CSharpStudyJourneyConsoleApp.csproj", "{263E314B-4261-4128-8ACF-46D2992F2AD9}"
EndProject
Global
	GlobalSection(SolutionConfigurationPlatforms) = preSolution
		Debug|Any CPU = Debug|Any CPU
		Release|Any CPU = Release|Any CPU
	EndGlobalSection
	GlobalSection(ProjectConfigurationPlatforms) = postSolution
		{40056C2D-5B5A-43DF-9F1B-201380A0F9B2}.Debug|Any CPU.ActiveCfg = Debug|Any CPU
		{40056C2D-5B5A-43DF-9F1B-201380A0F9B2}.Debug|Any CPU.Build.0 = Debug|Any CPU
		{40056C2D-5B5A-43DF-9F1B-201380A0F9B2}.Release|Any CPU.ActiveCfg = Release|Any CPU
		{40056C2D-5B5A-43DF-9F1B-201380A0F9B2}.Release|Any CPU.Build.0 = Release|Any CPU
		{00F9B7DD-B3C3-49DA-94D5-081A486D6996}.Debug|Any CPU.ActiveCfg = Debug|Any CPU
		{00F9B7DD-B3C3-49DA-94D5-081A486D6996}.Debug|Any CPU.Build.0 = Debug|Any CPU
		{00F9B7DD-B3C3-49DA-94D5-081A486D6996}.Release|Any CPU.ActiveCfg = Release|Any CPU
		{00F9B7DD-B3C3-49DA-94D5-081A486D6996}.Release|Any CPU.Build.0 = Release|Any CPU
		{263E314B-4261-4128-8ACF-46D2992F2AD9}.Debug|Any CPU.ActiveCfg = Debug|Any CPU
		{263E314B-4261-4128-8ACF-46D2992F2AD9}.Debug|Any CPU.Build.0 = Debug|Any CPU
		{263E314B-4261-4128-8ACF-46D2992F2AD9}.Release|Any CPU.ActiveCfg = Release|Any CPU
		{263E314B-4261-4128-8ACF-46D2992F2AD9}.Release|Any CPU.Build.0 = Release|Any CPU
	EndGlobalSection
	GlobalSection(SolutionProperties) = preSolution
		HideSolutionNode = FALSE
	EndGlobalSection
	GlobalSection(ExtensibilityGlobals) = postSolution
		SolutionGuid = {A7B7FD02-009F-4509-B778-D34544131825}
	EndGlobalSection
EndGlobal
