
Microsoft Visual Studio Solution File, Format Version 12.00
# Visual Studio Version 17
VisualStudioVersion = 17.9.34714.143
MinimumVisualStudioVersion = 10.0.40219.1
Project("{2150E333-8FDC-42A3-9474-1A3956D46DE8}") = "DesignPattern", "DesignPattern", "{8A114308-0640-4974-9B68-7163F1A7A8A6}"
EndProject
Project("{FAE04EC0-301F-11D3-BF4B-00C04F79EFBC}") = "DesignPattern.Application", "DesignPattern\DesignPattern.Application\DesignPattern.Application.csproj", "{7708BACC-C8B8-4DC2-BD5E-D3EBB7CD8033}"
EndProject
Project("{FAE04EC0-301F-11D3-BF4B-00C04F79EFBC}") = "DesignPattern.CoreModule", "DesignPattern\DesignPattern.CoreModule\DesignPattern.CoreModule.csproj", "{844E9963-9F1F-437B-BEA5-CE738D3738C5}"
EndProject
Global
	GlobalSection(SolutionConfigurationPlatforms) = preSolution
		Debug|Any CPU = Debug|Any CPU
		Release|Any CPU = Release|Any CPU
	EndGlobalSection
	GlobalSection(ProjectConfigurationPlatforms) = postSolution
		{7708BACC-C8B8-4DC2-BD5E-D3EBB7CD8033}.Debug|Any CPU.ActiveCfg = Debug|Any CPU
		{7708BACC-C8B8-4DC2-BD5E-D3EBB7CD8033}.Debug|Any CPU.Build.0 = Debug|Any CPU
		{7708BACC-C8B8-4DC2-BD5E-D3EBB7CD8033}.Release|Any CPU.ActiveCfg = Release|Any CPU
		{7708BACC-C8B8-4DC2-BD5E-D3EBB7CD8033}.Release|Any CPU.Build.0 = Release|Any CPU
		{844E9963-9F1F-437B-BEA5-CE738D3738C5}.Debug|Any CPU.ActiveCfg = Debug|Any CPU
		{844E9963-9F1F-437B-BEA5-CE738D3738C5}.Debug|Any CPU.Build.0 = Debug|Any CPU
		{844E9963-9F1F-437B-BEA5-CE738D3738C5}.Release|Any CPU.ActiveCfg = Release|Any CPU
		{844E9963-9F1F-437B-BEA5-CE738D3738C5}.Release|Any CPU.Build.0 = Release|Any CPU
	EndGlobalSection
	GlobalSection(SolutionProperties) = preSolution
		HideSolutionNode = FALSE
	EndGlobalSection
	GlobalSection(NestedProjects) = preSolution
		{7708BACC-C8B8-4DC2-BD5E-D3EBB7CD8033} = {8A114308-0640-4974-9B68-7163F1A7A8A6}
		{844E9963-9F1F-437B-BEA5-CE738D3738C5} = {8A114308-0640-4974-9B68-7163F1A7A8A6}
	EndGlobalSection
	GlobalSection(ExtensibilityGlobals) = postSolution
		SolutionGuid = {47BB1BE9-332C-435E-9878-8C288B0411C6}
	EndGlobalSection
EndGlobal
