
Microsoft Visual Studio Solution File, Format Version 12.00
# Visual Studio Version 17
VisualStudioVersion = 17.9.34714.143
MinimumVisualStudioVersion = 10.0.40219.1
Project("{2150E333-8FDC-42A3-9474-1A3956D46DE8}") = "DesignPattern", "DesignPattern", "{A5BD1E65-CEC1-4DD7-8653-6DDE4963486C}"
EndProject
Project("{FAE04EC0-301F-11D3-BF4B-00C04F79EFBC}") = "DesignPattern", "DesignPattern\DesignPattern.csproj", "{55F513FE-CF48-43DB-A97D-97ED5E1CADC0}"
EndProject
Global
	GlobalSection(SolutionConfigurationPlatforms) = preSolution
		Debug|Any CPU = Debug|Any CPU
		Release|Any CPU = Release|Any CPU
	EndGlobalSection
	GlobalSection(ProjectConfigurationPlatforms) = postSolution
		{55F513FE-CF48-43DB-A97D-97ED5E1CADC0}.Debug|Any CPU.ActiveCfg = Debug|Any CPU
		{55F513FE-CF48-43DB-A97D-97ED5E1CADC0}.Debug|Any CPU.Build.0 = Debug|Any CPU
		{55F513FE-CF48-43DB-A97D-97ED5E1CADC0}.Release|Any CPU.ActiveCfg = Release|Any CPU
		{55F513FE-CF48-43DB-A97D-97ED5E1CADC0}.Release|Any CPU.Build.0 = Release|Any CPU
	EndGlobalSection
	GlobalSection(SolutionProperties) = preSolution
		HideSolutionNode = FALSE
	EndGlobalSection
	GlobalSection(NestedProjects) = preSolution
		{55F513FE-CF48-43DB-A97D-97ED5E1CADC0} = {A5BD1E65-CEC1-4DD7-8653-6DDE4963486C}
	EndGlobalSection
	GlobalSection(ExtensibilityGlobals) = postSolution
		SolutionGuid = {47BB1BE9-332C-435E-9878-8C288B0411C6}
	EndGlobalSection
EndGlobal
